
Microsoft Visual Studio Solution File, Format Version 12.00
Project("{FAE04EC0-301F-11D3-BF4B-00C04F79EFBC}") = "APCSP", "APCSP\APCSP.csproj", "{2B158567-CC69-4D7A-8E55-414A31751B55}"
EndProject
Global
	GlobalSection(SolutionConfigurationPlatforms) = preSolution
		Debug|Any CPU = Debug|Any CPU
		Release|Any CPU = Release|Any CPU
	EndGlobalSection
	GlobalSection(ProjectConfigurationPlatforms) = postSolution
		{2B158567-CC69-4D7A-8E55-414A31751B55}.Debug|Any CPU.ActiveCfg = Debug|Any CPU
		{2B158567-CC69-4D7A-8E55-414A31751B55}.Debug|Any CPU.Build.0 = Debug|Any CPU
		{2B158567-CC69-4D7A-8E55-414A31751B55}.Release|Any CPU.ActiveCfg = Release|Any CPU
		{2B158567-CC69-4D7A-8E55-414A31751B55}.Release|Any CPU.Build.0 = Release|Any CPU
	EndGlobalSection
EndGlobal
